
Microsoft Visual Studio Solution File, Format Version 12.00
# Visual Studio Version 16
VisualStudioVersion = 16.0.30225.117
MinimumVisualStudioVersion = 10.0.40219.1
Project("{9A19103F-16F7-4668-BE54-9A1E7A4F7556}") = "TEHA.Portal.API", "TEHA.Portal.API\TEHA.Portal.API.csproj", "{8C897CF0-E5E4-418C-90CF-062DA0E41091}"
	ProjectSection(ProjectDependencies) = postProject
		{FEAABF24-DFC4-41E2-A272-5319D73CA502} = {FEAABF24-DFC4-41E2-A272-5319D73CA502}
	EndProjectSection
EndProject
Project("{9A19103F-16F7-4668-BE54-9A1E7A4F7556}") = "TEHA.Portal.Data", "TEHA.Portal.Data\TEHA.Portal.Data.csproj", "{FEAABF24-DFC4-41E2-A272-5319D73CA502}"
	ProjectSection(ProjectDependencies) = postProject
		{761B032D-B247-41D1-8C2C-82CB60B4292C} = {761B032D-B247-41D1-8C2C-82CB60B4292C}
	EndProjectSection
EndProject
Project("{9A19103F-16F7-4668-BE54-9A1E7A4F7556}") = "TEHA.Portal.Common", "TEHA.Portal.Common\TEHA.Portal.Common.csproj", "{E745094E-F024-4DB1-A33E-EEE944B52054}"
EndProject
Project("{9A19103F-16F7-4668-BE54-9A1E7A4F7556}") = "TEHA.Portal.Services", "TEHA.Portal.Services\TEHA.Portal.Services.csproj", "{4077DD35-6940-48D2-B7CF-5DCB3AFB8F3C}"
EndProject
Project("{9A19103F-16F7-4668-BE54-9A1E7A4F7556}") = "TEHA.Portal.ProxyAPI", "TEHA.Portal.ProxyAPI\TEHA.Portal.ProxyAPI.csproj", "{2CA0D7C1-A01D-40CC-8195-17E483291DD7}"
EndProject
Project("{2150E333-8FDC-42A3-9474-1A3956D46DE8}") = "Solution Items", "Solution Items", "{5C833094-2CFE-48EF-AC7E-5137D0862AE2}"
	ProjectSection(SolutionItems) = preProject
		.editorconfig = .editorconfig
		bitbucket-pipelines.yml = bitbucket-pipelines.yml
		build.sh = build.sh
		deploy.sh = deploy.sh
		pushcoverage.sh = pushcoverage.sh
	EndProjectSection
EndProject
Project("{9A19103F-16F7-4668-BE54-9A1E7A4F7556}") = "TEHA.Portal.API.Test", "TEHA.Portal.API.Test\TEHA.Portal.API.Test.csproj", "{9874CB92-1A73-4FAD-A58F-BBDB9D16B12E}"
EndProject
Project("{9A19103F-16F7-4668-BE54-9A1E7A4F7556}") = "BITLogix.Core.Couchbase", "Core\BITLogix.Core.Couchbase\BITLogix.Core.Couchbase.csproj", "{761B032D-B247-41D1-8C2C-82CB60B4292C}"
EndProject
Project("{2150E333-8FDC-42A3-9474-1A3956D46DE8}") = "Core", "Core", "{F94EAFA7-E415-4E5E-9CD3-456C9B1A89B0}"
EndProject
Global
	GlobalSection(SolutionConfigurationPlatforms) = preSolution
		Debug|Any CPU = Debug|Any CPU
		Release|Any CPU = Release|Any CPU
	EndGlobalSection
	GlobalSection(ProjectConfigurationPlatforms) = postSolution
		{8C897CF0-E5E4-418C-90CF-062DA0E41091}.Debug|Any CPU.ActiveCfg = Debug|Any CPU
		{8C897CF0-E5E4-418C-90CF-062DA0E41091}.Debug|Any CPU.Build.0 = Debug|Any CPU
		{8C897CF0-E5E4-418C-90CF-062DA0E41091}.Release|Any CPU.ActiveCfg = Release|Any CPU
		{8C897CF0-E5E4-418C-90CF-062DA0E41091}.Release|Any CPU.Build.0 = Release|Any CPU
		{FEAABF24-DFC4-41E2-A272-5319D73CA502}.Debug|Any CPU.ActiveCfg = Debug|Any CPU
		{FEAABF24-DFC4-41E2-A272-5319D73CA502}.Debug|Any CPU.Build.0 = Debug|Any CPU
		{FEAABF24-DFC4-41E2-A272-5319D73CA502}.Release|Any CPU.ActiveCfg = Release|Any CPU
		{FEAABF24-DFC4-41E2-A272-5319D73CA502}.Release|Any CPU.Build.0 = Release|Any CPU
		{E745094E-F024-4DB1-A33E-EEE944B52054}.Debug|Any CPU.ActiveCfg = Debug|Any CPU
		{E745094E-F024-4DB1-A33E-EEE944B52054}.Debug|Any CPU.Build.0 = Debug|Any CPU
		{E745094E-F024-4DB1-A33E-EEE944B52054}.Release|Any CPU.ActiveCfg = Release|Any CPU
		{E745094E-F024-4DB1-A33E-EEE944B52054}.Release|Any CPU.Build.0 = Release|Any CPU
		{4077DD35-6940-48D2-B7CF-5DCB3AFB8F3C}.Debug|Any CPU.ActiveCfg = Debug|Any CPU
		{4077DD35-6940-48D2-B7CF-5DCB3AFB8F3C}.Debug|Any CPU.Build.0 = Debug|Any CPU
		{4077DD35-6940-48D2-B7CF-5DCB3AFB8F3C}.Release|Any CPU.ActiveCfg = Release|Any CPU
		{4077DD35-6940-48D2-B7CF-5DCB3AFB8F3C}.Release|Any CPU.Build.0 = Release|Any CPU
		{2CA0D7C1-A01D-40CC-8195-17E483291DD7}.Debug|Any CPU.ActiveCfg = Debug|Any CPU
		{2CA0D7C1-A01D-40CC-8195-17E483291DD7}.Debug|Any CPU.Build.0 = Debug|Any CPU
		{2CA0D7C1-A01D-40CC-8195-17E483291DD7}.Release|Any CPU.ActiveCfg = Release|Any CPU
		{2CA0D7C1-A01D-40CC-8195-17E483291DD7}.Release|Any CPU.Build.0 = Release|Any CPU
		{9874CB92-1A73-4FAD-A58F-BBDB9D16B12E}.Debug|Any CPU.ActiveCfg = Debug|Any CPU
		{9874CB92-1A73-4FAD-A58F-BBDB9D16B12E}.Debug|Any CPU.Build.0 = Debug|Any CPU
		{9874CB92-1A73-4FAD-A58F-BBDB9D16B12E}.Release|Any CPU.ActiveCfg = Release|Any CPU
		{9874CB92-1A73-4FAD-A58F-BBDB9D16B12E}.Release|Any CPU.Build.0 = Release|Any CPU
		{761B032D-B247-41D1-8C2C-82CB60B4292C}.Debug|Any CPU.ActiveCfg = Debug|Any CPU
		{761B032D-B247-41D1-8C2C-82CB60B4292C}.Debug|Any CPU.Build.0 = Debug|Any CPU
		{761B032D-B247-41D1-8C2C-82CB60B4292C}.Release|Any CPU.ActiveCfg = Release|Any CPU
		{761B032D-B247-41D1-8C2C-82CB60B4292C}.Release|Any CPU.Build.0 = Release|Any CPU
	EndGlobalSection
	GlobalSection(SolutionProperties) = preSolution
		HideSolutionNode = FALSE
	EndGlobalSection
	GlobalSection(NestedProjects) = preSolution
		{761B032D-B247-41D1-8C2C-82CB60B4292C} = {F94EAFA7-E415-4E5E-9CD3-456C9B1A89B0}
	EndGlobalSection
	GlobalSection(ExtensibilityGlobals) = postSolution
		SolutionGuid = {E899A9EE-DC60-4590-B2E9-5122FAD99817}
	EndGlobalSection
EndGlobal
